
Microsoft Visual Studio Solution File, Format Version 12.00
# Visual Studio 15
VisualStudioVersion = 15.0.28010.2046
MinimumVisualStudioVersion = 10.0.40219.1
Project("{8BC9CEB8-8B4A-11D0-8D11-00A0C91BC942}") = "Chapter6Exercises_TreeQuestions", "Chapter6Exercises_TreeQuestions\Chapter6Exercises_TreeQuestions.vcxproj", "{031078CB-D33F-419C-B9E6-795BFFB2174B}"
EndProject
Global
	GlobalSection(SolutionConfigurationPlatforms) = preSolution
		Debug|x64 = Debug|x64
		Debug|x86 = Debug|x86
		Release|x64 = Release|x64
		Release|x86 = Release|x86
	EndGlobalSection
	GlobalSection(ProjectConfigurationPlatforms) = postSolution
		{031078CB-D33F-419C-B9E6-795BFFB2174B}.Debug|x64.ActiveCfg = Debug|x64
		{031078CB-D33F-419C-B9E6-795BFFB2174B}.Debug|x64.Build.0 = Debug|x64
		{031078CB-D33F-419C-B9E6-795BFFB2174B}.Debug|x86.ActiveCfg = Debug|Win32
		{031078CB-D33F-419C-B9E6-795BFFB2174B}.Debug|x86.Build.0 = Debug|Win32
		{031078CB-D33F-419C-B9E6-795BFFB2174B}.Release|x64.ActiveCfg = Release|x64
		{031078CB-D33F-419C-B9E6-795BFFB2174B}.Release|x64.Build.0 = Release|x64
		{031078CB-D33F-419C-B9E6-795BFFB2174B}.Release|x86.ActiveCfg = Release|Win32
		{031078CB-D33F-419C-B9E6-795BFFB2174B}.Release|x86.Build.0 = Release|Win32
	EndGlobalSection
	GlobalSection(SolutionProperties) = preSolution
		HideSolutionNode = FALSE
	EndGlobalSection
	GlobalSection(ExtensibilityGlobals) = postSolution
		SolutionGuid = {9783A81F-79F5-4CF9-80CE-1D794083C47F}
	EndGlobalSection
EndGlobal
